
Microsoft Visual Studio Solution File, Format Version 12.00
# Visual Studio 15
VisualStudioVersion = 15.0.28010.2036
MinimumVisualStudioVersion = 10.0.40219.1
Project("{FAE04EC0-301F-11D3-BF4B-00C04F79EFBC}") = "AutoMouse", "AutoMouse\AutoMouse.csproj", "{8184894D-3FB2-4C9D-BBE0-1E456E964BEB}"
EndProject
Global
	GlobalSection(SolutionConfigurationPlatforms) = preSolution
		Debug|Any CPU = Debug|Any CPU
		Release|Any CPU = Release|Any CPU
	EndGlobalSection
	GlobalSection(ProjectConfigurationPlatforms) = postSolution
		{8184894D-3FB2-4C9D-BBE0-1E456E964BEB}.Debug|Any CPU.ActiveCfg = Debug|Any CPU
		{8184894D-3FB2-4C9D-BBE0-1E456E964BEB}.Debug|Any CPU.Build.0 = Debug|Any CPU
		{8184894D-3FB2-4C9D-BBE0-1E456E964BEB}.Release|Any CPU.ActiveCfg = Release|Any CPU
		{8184894D-3FB2-4C9D-BBE0-1E456E964BEB}.Release|Any CPU.Build.0 = Release|Any CPU
	EndGlobalSection
	GlobalSection(SolutionProperties) = preSolution
		HideSolutionNode = FALSE
	EndGlobalSection
	GlobalSection(ExtensibilityGlobals) = postSolution
		SolutionGuid = {031F773F-E9C7-42AA-9440-D99410135ABB}
	EndGlobalSection
EndGlobal
